
Microsoft Visual Studio Solution File, Format Version 12.00
# Visual Studio 15
VisualStudioVersion = 15.0.28010.2003
MinimumVisualStudioVersion = 10.0.40219.1
Project("{FAE04EC0-301F-11D3-BF4B-00C04F79EFBC}") = "Dragon", "Dragon\Dragon.csproj", "{54899BC1-16FD-4B22-9776-ED410C49504D}"
EndProject
Global
	GlobalSection(SolutionConfigurationPlatforms) = preSolution
		Debug|Any CPU = Debug|Any CPU
		Release|Any CPU = Release|Any CPU
	EndGlobalSection
	GlobalSection(ProjectConfigurationPlatforms) = postSolution
		{54899BC1-16FD-4B22-9776-ED410C49504D}.Debug|Any CPU.ActiveCfg = Debug|Any CPU
		{54899BC1-16FD-4B22-9776-ED410C49504D}.Debug|Any CPU.Build.0 = Debug|Any CPU
		{54899BC1-16FD-4B22-9776-ED410C49504D}.Release|Any CPU.ActiveCfg = Release|Any CPU
		{54899BC1-16FD-4B22-9776-ED410C49504D}.Release|Any CPU.Build.0 = Release|Any CPU
	EndGlobalSection
	GlobalSection(SolutionProperties) = preSolution
		HideSolutionNode = FALSE
	EndGlobalSection
	GlobalSection(ExtensibilityGlobals) = postSolution
		SolutionGuid = {59A97EF4-34E6-473A-A0DC-F54378BF1066}
	EndGlobalSection
EndGlobal
